
Microsoft Visual Studio Solution File, Format Version 12.00
# Visual Studio 15
VisualStudioVersion = 15.0.26430.16
MinimumVisualStudioVersion = 10.0.40219.1
Project("{FAE04EC0-301F-11D3-BF4B-00C04F79EFBC}") = "RadiusServer", "RadiusServer\RadiusServer.csproj", "{968C479E-00E7-4D7B-B2F7-F3C26587F7F0}"
EndProject
Project("{FAE04EC0-301F-11D3-BF4B-00C04F79EFBC}") = "RadiusServer.Tests", "RadiusServerTests\RadiusServer.Tests.csproj", "{6C23F981-BA94-42CA-AA16-60658C8650CC}"
EndProject
Project("{FAE04EC0-301F-11D3-BF4B-00C04F79EFBC}") = "RadiusClient", "RadiusClient\RadiusClient.csproj", "{DDF1EA40-457B-4DC9-B21F-CF29BFBD99A0}"
EndProject
Global
	GlobalSection(SolutionConfigurationPlatforms) = preSolution
		Debug|Any CPU = Debug|Any CPU
		Release|Any CPU = Release|Any CPU
	EndGlobalSection
	GlobalSection(ProjectConfigurationPlatforms) = postSolution
		{968C479E-00E7-4D7B-B2F7-F3C26587F7F0}.Debug|Any CPU.ActiveCfg = Debug|Any CPU
		{968C479E-00E7-4D7B-B2F7-F3C26587F7F0}.Debug|Any CPU.Build.0 = Debug|Any CPU
		{968C479E-00E7-4D7B-B2F7-F3C26587F7F0}.Release|Any CPU.ActiveCfg = Release|Any CPU
		{968C479E-00E7-4D7B-B2F7-F3C26587F7F0}.Release|Any CPU.Build.0 = Release|Any CPU
		{6C23F981-BA94-42CA-AA16-60658C8650CC}.Debug|Any CPU.ActiveCfg = Debug|Any CPU
		{6C23F981-BA94-42CA-AA16-60658C8650CC}.Debug|Any CPU.Build.0 = Debug|Any CPU
		{6C23F981-BA94-42CA-AA16-60658C8650CC}.Release|Any CPU.ActiveCfg = Release|Any CPU
		{6C23F981-BA94-42CA-AA16-60658C8650CC}.Release|Any CPU.Build.0 = Release|Any CPU
		{DDF1EA40-457B-4DC9-B21F-CF29BFBD99A0}.Debug|Any CPU.ActiveCfg = Debug|Any CPU
		{DDF1EA40-457B-4DC9-B21F-CF29BFBD99A0}.Debug|Any CPU.Build.0 = Debug|Any CPU
		{DDF1EA40-457B-4DC9-B21F-CF29BFBD99A0}.Release|Any CPU.ActiveCfg = Release|Any CPU
		{DDF1EA40-457B-4DC9-B21F-CF29BFBD99A0}.Release|Any CPU.Build.0 = Release|Any CPU
	EndGlobalSection
	GlobalSection(SolutionProperties) = preSolution
		HideSolutionNode = FALSE
	EndGlobalSection
EndGlobal
